
Microsoft Visual Studio Solution File, Format Version 12.00
# Visual Studio Version 17
VisualStudioVersion = 17.0.31903.59
MinimumVisualStudioVersion = 10.0.40219.1
Project("{2150E333-8FDC-42A3-9474-1A3956D46DE8}") = "src", "src", "{827E0CD3-B72D-47B6-A68D-7590B98EB39B}"
EndProject
Project("{FAE04EC0-301F-11D3-BF4B-00C04F79EFBC}") = "DiskDiff.App", "src\DiskDiff.App\DiskDiff.App.csproj", "{CCC5B7F3-6F2D-4E83-8CD5-C3A7896D5EAE}"
EndProject
Project("{FAE04EC0-301F-11D3-BF4B-00C04F79EFBC}") = "DiskDiff.Core", "src\DiskDiff.Core\DiskDiff.Core.csproj", "{4B8BA74A-43B5-4313-8E36-3A95A5BDDFFA}"
EndProject
Project("{FAE04EC0-301F-11D3-BF4B-00C04F79EFBC}") = "DiskDiff.Infrastructure", "src\DiskDiff.Infrastructure\DiskDiff.Infrastructure.csproj", "{A24A1657-4711-4A3B-A640-C7CAEA0870E2}"
EndProject
Project("{FAE04EC0-301F-11D3-BF4B-00C04F79EFBC}") = "DiskDiff.App.Tests", "tests\DiskDiff.App.Tests\DiskDiff.App.Tests.csproj", "{F626CD46-49B3-4276-8654-4AC6E12D5A86}"
EndProject
Project("{FAE04EC0-301F-11D3-BF4B-00C04F79EFBC}") = "DiskDiff.Core.Tests", "tests\DiskDiff.Core.Tests\DiskDiff.Core.Tests.csproj", "{5B78F7C3-EFF2-4AC8-91AB-D3C81CF74D9B}"
EndProject
Project("{FAE04EC0-301F-11D3-BF4B-00C04F79EFBC}") = "DiskDiff.Infrastructure.Tests", "tests\DiskDiff.Infrastructure.Tests\DiskDiff.Infrastructure.Tests.csproj", "{ADD6BD35-5A8B-4129-B613-46687875A6C7}"
EndProject
Global
	GlobalSection(SolutionConfigurationPlatforms) = preSolution
		Debug|Any CPU = Debug|Any CPU
		Debug|x64 = Debug|x64
		Debug|x86 = Debug|x86
		Release|Any CPU = Release|Any CPU
		Release|x64 = Release|x64
		Release|x86 = Release|x86
	EndGlobalSection
	GlobalSection(ProjectConfigurationPlatforms) = postSolution
		{CCC5B7F3-6F2D-4E83-8CD5-C3A7896D5EAE}.Debug|Any CPU.ActiveCfg = Debug|Any CPU
		{CCC5B7F3-6F2D-4E83-8CD5-C3A7896D5EAE}.Debug|Any CPU.Build.0 = Debug|Any CPU
		{CCC5B7F3-6F2D-4E83-8CD5-C3A7896D5EAE}.Debug|x64.ActiveCfg = Debug|Any CPU
		{CCC5B7F3-6F2D-4E83-8CD5-C3A7896D5EAE}.Debug|x64.Build.0 = Debug|Any CPU
		{CCC5B7F3-6F2D-4E83-8CD5-C3A7896D5EAE}.Debug|x86.ActiveCfg = Debug|Any CPU
		{CCC5B7F3-6F2D-4E83-8CD5-C3A7896D5EAE}.Debug|x86.Build.0 = Debug|Any CPU
		{CCC5B7F3-6F2D-4E83-8CD5-C3A7896D5EAE}.Release|Any CPU.ActiveCfg = Release|Any CPU
		{CCC5B7F3-6F2D-4E83-8CD5-C3A7896D5EAE}.Release|Any CPU.Build.0 = Release|Any CPU
		{CCC5B7F3-6F2D-4E83-8CD5-C3A7896D5EAE}.Release|x64.ActiveCfg = Release|Any CPU
		{CCC5B7F3-6F2D-4E83-8CD5-C3A7896D5EAE}.Release|x64.Build.0 = Release|Any CPU
		{CCC5B7F3-6F2D-4E83-8CD5-C3A7896D5EAE}.Release|x86.ActiveCfg = Release|Any CPU
		{CCC5B7F3-6F2D-4E83-8CD5-C3A7896D5EAE}.Release|x86.Build.0 = Release|Any CPU
		{4B8BA74A-43B5-4313-8E36-3A95A5BDDFFA}.Debug|Any CPU.ActiveCfg = Debug|Any CPU
		{4B8BA74A-43B5-4313-8E36-3A95A5BDDFFA}.Debug|Any CPU.Build.0 = Debug|Any CPU
		{4B8BA74A-43B5-4313-8E36-3A95A5BDDFFA}.Debug|x64.ActiveCfg = Debug|Any CPU
		{4B8BA74A-43B5-4313-8E36-3A95A5BDDFFA}.Debug|x64.Build.0 = Debug|Any CPU
		{4B8BA74A-43B5-4313-8E36-3A95A5BDDFFA}.Debug|x86.ActiveCfg = Debug|Any CPU
		{4B8BA74A-43B5-4313-8E36-3A95A5BDDFFA}.Debug|x86.Build.0 = Debug|Any CPU
		{4B8BA74A-43B5-4313-8E36-3A95A5BDDFFA}.Release|Any CPU.ActiveCfg = Release|Any CPU
		{4B8BA74A-43B5-4313-8E36-3A95A5BDDFFA}.Release|Any CPU.Build.0 = Release|Any CPU
		{4B8BA74A-43B5-4313-8E36-3A95A5BDDFFA}.Release|x64.ActiveCfg = Release|Any CPU
		{4B8BA74A-43B5-4313-8E36-3A95A5BDDFFA}.Release|x64.Build.0 = Release|Any CPU
		{4B8BA74A-43B5-4313-8E36-3A95A5BDDFFA}.Release|x86.ActiveCfg = Release|Any CPU
		{4B8BA74A-43B5-4313-8E36-3A95A5BDDFFA}.Release|x86.Build.0 = Release|Any CPU
		{A24A1657-4711-4A3B-A640-C7CAEA0870E2}.Debug|Any CPU.ActiveCfg = Debug|Any CPU
		{A24A1657-4711-4A3B-A640-C7CAEA0870E2}.Debug|Any CPU.Build.0 = Debug|Any CPU
		{A24A1657-4711-4A3B-A640-C7CAEA0870E2}.Debug|x64.ActiveCfg = Debug|Any CPU
		{A24A1657-4711-4A3B-A640-C7CAEA0870E2}.Debug|x64.Build.0 = Debug|Any CPU
		{A24A1657-4711-4A3B-A640-C7CAEA0870E2}.Debug|x86.ActiveCfg = Debug|Any CPU
		{A24A1657-4711-4A3B-A640-C7CAEA0870E2}.Debug|x86.Build.0 = Debug|Any CPU
		{A24A1657-4711-4A3B-A640-C7CAEA0870E2}.Release|Any CPU.ActiveCfg = Release|Any CPU
		{A24A1657-4711-4A3B-A640-C7CAEA0870E2}.Release|Any CPU.Build.0 = Release|Any CPU
		{A24A1657-4711-4A3B-A640-C7CAEA0870E2}.Release|x64.ActiveCfg = Release|Any CPU
		{A24A1657-4711-4A3B-A640-C7CAEA0870E2}.Release|x64.Build.0 = Release|Any CPU
		{A24A1657-4711-4A3B-A640-C7CAEA0870E2}.Release|x86.ActiveCfg = Release|Any CPU
		{A24A1657-4711-4A3B-A640-C7CAEA0870E2}.Release|x86.Build.0 = Release|Any CPU
		{F626CD46-49B3-4276-8654-4AC6E12D5A86}.Debug|Any CPU.ActiveCfg = Debug|Any CPU
		{F626CD46-49B3-4276-8654-4AC6E12D5A86}.Debug|Any CPU.Build.0 = Debug|Any CPU
		{F626CD46-49B3-4276-8654-4AC6E12D5A86}.Debug|x64.ActiveCfg = Debug|Any CPU
		{F626CD46-49B3-4276-8654-4AC6E12D5A86}.Debug|x64.Build.0 = Debug|Any CPU
		{F626CD46-49B3-4276-8654-4AC6E12D5A86}.Debug|x86.ActiveCfg = Debug|Any CPU
		{F626CD46-49B3-4276-8654-4AC6E12D5A86}.Debug|x86.Build.0 = Debug|Any CPU
		{F626CD46-49B3-4276-8654-4AC6E12D5A86}.Release|Any CPU.ActiveCfg = Release|Any CPU
		{F626CD46-49B3-4276-8654-4AC6E12D5A86}.Release|Any CPU.Build.0 = Release|Any CPU
		{F626CD46-49B3-4276-8654-4AC6E12D5A86}.Release|x64.ActiveCfg = Release|Any CPU
		{F626CD46-49B3-4276-8654-4AC6E12D5A86}.Release|x64.Build.0 = Release|Any CPU
		{F626CD46-49B3-4276-8654-4AC6E12D5A86}.Release|x86.ActiveCfg = Release|Any CPU
		{F626CD46-49B3-4276-8654-4AC6E12D5A86}.Release|x86.Build.0 = Release|Any CPU
		{5B78F7C3-EFF2-4AC8-91AB-D3C81CF74D9B}.Debug|Any CPU.ActiveCfg = Debug|Any CPU
		{5B78F7C3-EFF2-4AC8-91AB-D3C81CF74D9B}.Debug|Any CPU.Build.0 = Debug|Any CPU
		{5B78F7C3-EFF2-4AC8-91AB-D3C81CF74D9B}.Debug|x64.ActiveCfg = Debug|Any CPU
		{5B78F7C3-EFF2-4AC8-91AB-D3C81CF74D9B}.Debug|x64.Build.0 = Debug|Any CPU
		{5B78F7C3-EFF2-4AC8-91AB-D3C81CF74D9B}.Debug|x86.ActiveCfg = Debug|Any CPU
		{5B78F7C3-EFF2-4AC8-91AB-D3C81CF74D9B}.Debug|x86.Build.0 = Debug|Any CPU
		{5B78F7C3-EFF2-4AC8-91AB-D3C81CF74D9B}.Release|Any CPU.ActiveCfg = Release|Any CPU
		{5B78F7C3-EFF2-4AC8-91AB-D3C81CF74D9B}.Release|Any CPU.Build.0 = Release|Any CPU
		{5B78F7C3-EFF2-4AC8-91AB-D3C81CF74D9B}.Release|x64.ActiveCfg = Release|Any CPU
		{5B78F7C3-EFF2-4AC8-91AB-D3C81CF74D9B}.Release|x64.Build.0 = Release|Any CPU
		{5B78F7C3-EFF2-4AC8-91AB-D3C81CF74D9B}.Release|x86.ActiveCfg = Release|Any CPU
		{5B78F7C3-EFF2-4AC8-91AB-D3C81CF74D9B}.Release|x86.Build.0 = Release|Any CPU
		{ADD6BD35-5A8B-4129-B613-46687875A6C7}.Debug|Any CPU.ActiveCfg = Debug|Any CPU
		{ADD6BD35-5A8B-4129-B613-46687875A6C7}.Debug|Any CPU.Build.0 = Debug|Any CPU
		{ADD6BD35-5A8B-4129-B613-46687875A6C7}.Debug|x64.ActiveCfg = Debug|Any CPU
		{ADD6BD35-5A8B-4129-B613-46687875A6C7}.Debug|x64.Build.0 = Debug|Any CPU
		{ADD6BD35-5A8B-4129-B613-46687875A6C7}.Debug|x86.ActiveCfg = Debug|Any CPU
		{ADD6BD35-5A8B-4129-B613-46687875A6C7}.Debug|x86.Build.0 = Debug|Any CPU
		{ADD6BD35-5A8B-4129-B613-46687875A6C7}.Release|Any CPU.ActiveCfg = Release|Any CPU
		{ADD6BD35-5A8B-4129-B613-46687875A6C7}.Release|Any CPU.Build.0 = Release|Any CPU
		{ADD6BD35-5A8B-4129-B613-46687875A6C7}.Release|x64.ActiveCfg = Release|Any CPU
		{ADD6BD35-5A8B-4129-B613-46687875A6C7}.Release|x64.Build.0 = Release|Any CPU
		{ADD6BD35-5A8B-4129-B613-46687875A6C7}.Release|x86.ActiveCfg = Release|Any CPU
		{ADD6BD35-5A8B-4129-B613-46687875A6C7}.Release|x86.Build.0 = Release|Any CPU
	EndGlobalSection
	GlobalSection(SolutionProperties) = preSolution
		HideSolutionNode = FALSE
	EndGlobalSection
	GlobalSection(NestedProjects) = preSolution
		{CCC5B7F3-6F2D-4E83-8CD5-C3A7896D5EAE} = {827E0CD3-B72D-47B6-A68D-7590B98EB39B}
		{4B8BA74A-43B5-4313-8E36-3A95A5BDDFFA} = {827E0CD3-B72D-47B6-A68D-7590B98EB39B}
		{A24A1657-4711-4A3B-A640-C7CAEA0870E2} = {827E0CD3-B72D-47B6-A68D-7590B98EB39B}
		{F626CD46-49B3-4276-8654-4AC6E12D5A86} = {827E0CD3-B72D-47B6-A68D-7590B98EB39B}
		{5B78F7C3-EFF2-4AC8-91AB-D3C81CF74D9B} = {827E0CD3-B72D-47B6-A68D-7590B98EB39B}
		{ADD6BD35-5A8B-4129-B613-46687875A6C7} = {827E0CD3-B72D-47B6-A68D-7590B98EB39B}
	EndGlobalSection
EndGlobal
